
Microsoft Visual Studio Solution File, Format Version 12.00
# Visual Studio Version 16
VisualStudioVersion = 16.0.31105.61
MinimumVisualStudioVersion = 10.0.40219.1
Project("{8BC9CEB8-8B4A-11D0-8D11-00A0C91BC942}") = "Cuda", "Cuda\Cuda.vcxproj", "{CB0F7C26-1243-4995-AFF7-A68335E8996D}"
EndProject
Global
	GlobalSection(SolutionConfigurationPlatforms) = preSolution
		Debug|x64 = Debug|x64
		Release|x64 = Release|x64
	EndGlobalSection
	GlobalSection(ProjectConfigurationPlatforms) = postSolution
		{CB0F7C26-1243-4995-AFF7-A68335E8996D}.Debug|x64.ActiveCfg = Debug|x64
		{CB0F7C26-1243-4995-AFF7-A68335E8996D}.Debug|x64.Build.0 = Debug|x64
		{CB0F7C26-1243-4995-AFF7-A68335E8996D}.Release|x64.ActiveCfg = Release|x64
		{CB0F7C26-1243-4995-AFF7-A68335E8996D}.Release|x64.Build.0 = Release|x64
	EndGlobalSection
	GlobalSection(SolutionProperties) = preSolution
		HideSolutionNode = FALSE
	EndGlobalSection
	GlobalSection(ExtensibilityGlobals) = postSolution
		SolutionGuid = {5DB73B0F-6C0E-468B-AC9C-0FA8FCAC8116}
	EndGlobalSection
EndGlobal
